# This file is automatically @generated by Poetry 1.7.1 and should not be changed by hand.

[[package]]
name = "ansicon"
version = "1.89.0"
description = "Python wrapper for loading Jason Hood's ANSICON"
optional = false
python-versions = "*"
files = [
    {file = "ansicon-1.89.0-py2.py3-none-any.whl", hash = "sha256:f1def52d17f65c2c9682cf8370c03f541f410c1752d6a14029f97318e4b9dfec"},
    {file = "ansicon-1.89.0.tar.gz", hash = "sha256:e4d039def5768a47e4afec8e89e83ec3ae5a26bf00ad851f914d1240b444d2b1"},
]

[[package]]
name = "blessed"
version = "1.20.0"
description = "Easy, practical library for making terminal apps, by providing an elegant, well-documented interface to Colors, Keyboard input, and screen Positioning capabilities."
optional = false
python-versions = ">=2.7"
files = [
    {file = "blessed-1.20.0-py2.py3-none-any.whl", hash = "sha256:0c542922586a265e699188e52d5f5ac5ec0dd517e5a1041d90d2bbf23f906058"},
    {file = "blessed-1.20.0.tar.gz", hash = "sha256:2cdd67f8746e048f00df47a2880f4d6acbcdb399031b604e34ba8f71d5787680"},
]

[package.dependencies]
jinxed = {version = ">=1.1.0", markers = "platform_system == \"Windows\""}
six = ">=1.9.0"
wcwidth = ">=0.1.4"

[[package]]
name = "bsdiff4"
version = "1.2.4"
description = "binary diff and patch using the BSDIFF4-format"
optional = false
python-versions = "*"
files = [
    {file = "bsdiff4-1.2.4-cp310-cp310-macosx_10_9_universal2.whl", hash = "sha256:3266eeca8db0398a5f7251fd41877b1942912a3c719db59a3696f2eb4acf9a57"},
    {file = "bsdiff4-1.2.4-cp310-cp310-macosx_10_9_x86_64.whl", hash = "sha256:7d93ed903a670665c71f0fc0809f18e86684c92c48c17ab3fe3871df726900af"},
    {file = "bsdiff4-1.2.4-cp310-cp310-macosx_11_0_arm64.whl", hash = "sha256:cd579125eb0611109e66c41f72a9bca411dc2af98768367910a27012159c5e37"},
    {file = "bsdiff4-1.2.4-cp310-cp310-manylinux_2_17_aarch64.manylinux2014_aarch64.whl", hash = "sha256:2e1af9e58dbb9fb1e76f6684712cd8d493393101554f912feea5d2da150aa772"},
    {file = "bsdiff4-1.2.4-cp310-cp310-manylinux_2_17_ppc64le.manylinux2014_ppc64le.whl", hash = "sha256:1f7c4873669c6096ed7d3f9393848fd5e0f3a4285e93a16ba4aeb3335ee930f5"},
    {file = "bsdiff4-1.2.4-cp310-cp310-manylinux_2_17_s390x.manylinux2014_s390x.whl", hash = "sha256:c730dde9239571449d5e43b9918b681cc4d54f51126e16f21501c0a215186a93"},
    {file = "bsdiff4-1.2.4-cp310-cp310-manylinux_2_17_x86_64.manylinux2014_x86_64.whl", hash = "sha256:665a89b5a31f2dc46299a8d3a6aded0cda5883fb468dc6bc66dc23db1a62cbbc"},
    {file = "bsdiff4-1.2.4-cp310-cp310-manylinux_2_5_i686.manylinux1_i686.manylinux_2_17_i686.manylinux2014_i686.whl", hash = "sha256:65f7bd1c2d77483102ce2d5e6aaa5413d57ff08e9d4f710b7dc64eb9d9e31a8c"},
    {file = "bsdiff4-1.2.4-cp310-cp310-musllinux_1_1_aarch64.whl", hash = "sha256:e123981fa6003a8645dfc27dbe57bc2a9084c33648562046aae31f03dc417eb9"},
    {file = "bsdiff4-1.2.4-cp310-cp310-musllinux_1_1_i686.whl", hash = "sha256:ad72a52925601ee6f5739332c26eb44cfd78b91dfcea5eba716cf35b66178cb9"},
    {file = "bsdiff4-1.2.4-cp310-cp310-musllinux_1_1_ppc64le.whl", hash = "sha256:6d6f5e79cfe92ff963e6ae2808d7c59d7669e3025973301f9959cbaec09b8786"},
    {file = "bsdiff4-1.2.4-cp310-cp310-musllinux_1_1_s390x.whl", hash = "sha256:aa04d36531b65bc30b4482e4f70b6b23336fbea55adc715dfbf4b5b6f450027b"},
    {file = "bsdiff4-1.2.4-cp310-cp310-musllinux_1_1_x86_64.whl", hash = "sha256:342b4589a4c85502fab7e82eb7cb60734bf865a726af0c5cf64ae3e7bfbee981"},
    {file = "bsdiff4-1.2.4-cp310-cp310-win32.whl", hash = "sha256:b53bf2403766658025824a2bebab9beea790562e6b95312cbdc8f0bd7276e4cf"},
    {file = "bsdiff4-1.2.4-cp310-cp310-win_amd64.whl", hash = "sha256:bf874938fe13400840dd1e680c8996d658aca431387fce0b16d0fc51c463cd5f"},
    {file = "bsdiff4-1.2.4-cp311-cp311-macosx_10_9_universal2.whl", hash = "sha256:e8ec9708317727875d216e9ed23be90db99e111590177dd015607e95031db479"},
    {file = "bsdiff4-1.2.4-cp311-cp311-macosx_10_9_x86_64.whl", hash = "sha256:d0927d70573cac8bf1df07509e1365cd5e6eda1d84049522316e1c0131fda8bb"},
    {file = "bsdiff4-1.2.4-cp311-cp311-macosx_11_0_arm64.whl", hash = "sha256:1338373f492555c4130061dd9763343526167f160afbbff6c68d9547000d2dd3"},
    {file = "bsdiff4-1.2.4-cp311-cp311-manylinux_2_17_aarch64.manylinux2014_aarch64.whl", hash = "sha256:ab72a2af903c146af4fd8cc59042564b509a4b01c57682ade21cb153a1969085"},
    {file = "bsdiff4-1.2.4-cp311-cp311-manylinux_2_17_ppc64le.manylinux2014_ppc64le.whl", hash = "sha256:2f1053180f18c39f9d0b694307dbdcf415470bfdfb9cc9456bce32b6bf0edcd5"},
    {file = "bsdiff4-1.2.4-cp311-cp311-manylinux_2_17_s390x.manylinux2014_s390x.whl", hash = "sha256:1c8b57f65a6cdb4a1d31a9660416e86c7bb31a47c9e3746e3490b43816a9834e"},
    {file = "bsdiff4-1.2.4-cp311-cp311-manylinux_2_17_x86_64.manylinux2014_x86_64.whl", hash = "sha256:14c39e4c2f4ad32c19f56d31b659b83d94ed992f4f3274f3ab973b339f780b8c"},
    {file = "bsdiff4-1.2.4-cp311-cp311-manylinux_2_5_i686.manylinux1_i686.manylinux_2_17_i686.manylinux2014_i686.whl", hash = "sha256:f89101f3d611ccdeed5b8ffef37b8d00989a13f6b84ba60f77b15fcb92980e45"},
    {file = "bsdiff4-1.2.4-cp311-cp311-musllinux_1_1_aarch64.whl", hash = "sha256:f8765301c5bf8ca723788c0b6e2bca39f7348d9c154e4118ebd3167b826dd79c"},
    {file = "bsdiff4-1.2.4-cp311-cp311-musllinux_1_1_i686.whl", hash = "sha256:8ac57ebbf84b30a5af51d3c2b49f7675280002a52b16d6de4594a03a596e5888"},
    {file = "bsdiff4-1.2.4-cp311-cp311-musllinux_1_1_ppc64le.whl", hash = "sha256:cf6a8d3646ea5e5a8ed2f24e8b11f7517529dddace08d1b461228243d903214c"},
    {file = "bsdiff4-1.2.4-cp311-cp311-musllinux_1_1_s390x.whl", hash = "sha256:e80a70edbab32dee8d592cc0d417f98055afa3c55331c05c24bc0c230b501da6"},
    {file = "bsdiff4-1.2.4-cp311-cp311-musllinux_1_1_x86_64.whl", hash = "sha256:f97cd2043a5882b632fb7f5307fe960e4363450f825c0a0d642850f8b2d5de89"},
    {file = "bsdiff4-1.2.4-cp311-cp311-win32.whl", hash = "sha256:bc648bf6ea3e9dbbe3319561ccee43c69f4ffa284ad940577a0109ee18c7a59d"},
    {file = "bsdiff4-1.2.4-cp311-cp311-win_amd64.whl", hash = "sha256:d4f018112f498b8ee99c1270f1580f16eada1ea505bc9074fdc734d193db9d89"},
    {file = "bsdiff4-1.2.4-cp312-cp312-macosx_10_9_universal2.whl", hash = "sha256:ef4bc3db56129a13fd7e90ea100e496a57e22623e8e7856db76bf58d0c949186"},
    {file = "bsdiff4-1.2.4-cp312-cp312-macosx_10_9_x86_64.whl", hash = "sha256:07cfe4b26434d64f412f5b35f5f11f72a2dd8d7deb0e19dd1c7c4a54b09a30d7"},
    {file = "bsdiff4-1.2.4-cp312-cp312-macosx_11_0_arm64.whl", hash = "sha256:e0113db077f5f613b871d7c745e38b8d821fc9795fcd5c2c29afb7a50d7b71a5"},
    {file = "bsdiff4-1.2.4-cp312-cp312-manylinux_2_17_aarch64.manylinux2014_aarch64.whl", hash = "sha256:9335bf349ef8fcd2a412443a3e854ed17a2716a4ea46af0b066f56fcdd42d0ec"},
    {file = "bsdiff4-1.2.4-cp312-cp312-manylinux_2_17_ppc64le.manylinux2014_ppc64le.whl", hash = "sha256:066fc5fee32787b8515b855a5b5c46b580512a5fd64981c5cea1bfa2d1c4528a"},
    {file = "bsdiff4-1.2.4-cp312-cp312-manylinux_2_17_s390x.manylinux2014_s390x.whl", hash = "sha256:fe3f467a29bc7e445789bb433a2230f68e8519a0741772d4f661f6b08c55d73c"},
    {file = "bsdiff4-1.2.4-cp312-cp312-manylinux_2_17_x86_64.manylinux2014_x86_64.whl", hash = "sha256:5cc9c84464411f406b37ee2b0833c9feb58f93e504c8989aad5120077abcc9c2"},
    {file = "bsdiff4-1.2.4-cp312-cp312-manylinux_2_5_i686.manylinux1_i686.manylinux_2_17_i686.manylinux2014_i686.whl", hash = "sha256:3a9edb5dcb1d7fe522a8fd03942069dbf5df373732c233fdad3b3f5123df9bbb"},
    {file = "bsdiff4-1.2.4-cp312-cp312-musllinux_1_1_aarch64.whl", hash = "sha256:47c062b67e4a2e31ecbebc520fba8273fd5deb8a7141e0ecd1c6d923bc9f6c90"},
    {file = "bsdiff4-1.2.4-cp312-cp312-musllinux_1_1_i686.whl", hash = "sha256:b24dc4f050efda0fe1527dc7bbb61bdfa9e094ef2fad64f646c460aff086c5df"},
    {file = "bsdiff4-1.2.4-cp312-cp312-musllinux_1_1_ppc64le.whl", hash = "sha256:1ff1f182da5665d7bf2eb1497eed95caad8e24764e281c8cd2440ad7e747d598"},
    {file = "bsdiff4-1.2.4-cp312-cp312-musllinux_1_1_s390x.whl", hash = "sha256:55bae7a41a4fb2e1ef3cda8b4fe1c06210cb013397e5432883585d0dd318a871"},
    {file = "bsdiff4-1.2.4-cp312-cp312-musllinux_1_1_x86_64.whl", hash = "sha256:5e51557891f0a8696470e04bf208b515ec1d62dcf3dd273f321279cfdef05c08"},
    {file = "bsdiff4-1.2.4-cp312-cp312-win32.whl", hash = "sha256:783f3ba01fdde0d9252face5d56735319fbef5070cb0eda12c44e378e43bf0de"},
    {file = "bsdiff4-1.2.4-cp312-cp312-win_amd64.whl", hash = "sha256:475f2077e66b1a4e7aa19de1b9b328d87d53ee28c9c20e27b40646d814b03f5f"},
    {file = "bsdiff4-1.2.4-cp36-cp36m-macosx_10_9_x86_64.whl", hash = "sha256:89d9dcd647f66065c09cf8af5b31cf7625575f20f2758d96f24153ef44015643"},
    {file = "bsdiff4-1.2.4-cp36-cp36m-manylinux_2_17_aarch64.manylinux2014_aarch64.whl", hash = "sha256:f67e5f7e14375d08554bfe1bab73a380718b48b4b503ee32f080f2d16793b011"},
    {file = "bsdiff4-1.2.4-cp36-cp36m-manylinux_2_17_ppc64le.manylinux2014_ppc64le.whl", hash = "sha256:68fed243cf2f48534684b1a4e92b24fbe7877e8ab62a87879887981b24904d26"},
    {file = "bsdiff4-1.2.4-cp36-cp36m-manylinux_2_17_s390x.manylinux2014_s390x.whl", hash = "sha256:039ef8a39a4a4ad12ed989a9b46b3583a3ae50cc6631e5a1261319d7148f7507"},
    {file = "bsdiff4-1.2.4-cp36-cp36m-manylinux_2_17_x86_64.manylinux2014_x86_64.whl", hash = "sha256:8164f1b6fafab4707561f2fd6ba81628ba3d0b30ec7f09b9c75dd3203c8325f7"},
    {file = "bsdiff4-1.2.4-cp36-cp36m-manylinux_2_5_i686.manylinux1_i686.manylinux_2_17_i686.manylinux2014_i686.whl", hash = "sha256:33bb050fce1749db0f9d65e5f564e02cc9325dc4c3951dd0cc15e255d6d9cab9"},
    {file = "bsdiff4-1.2.4-cp36-cp36m-musllinux_1_1_aarch64.whl", hash = "sha256:e29ad686f0a91cf2c58493758e1c4db99f6ce95d8463d63c6ce6b315b4986771"},
    {file = "bsdiff4-1.2.4-cp36-cp36m-musllinux_1_1_i686.whl", hash = "sha256:b1058e954fb35b9241145c56383fd71b3eabb7b422a07084b80b349c804a3c2f"},
    {file = "bsdiff4-1.2.4-cp36-cp36m-musllinux_1_1_ppc64le.whl", hash = "sha256:81abcb3c73ed4ea494555664f677907018b8261b00270c19455030359a08121e"},
    {file = "bsdiff4-1.2.4-cp36-cp36m-musllinux_1_1_s390x.whl", hash = "sha256:f084673f73caaffbef1c4eb5163453caeaa2d6b280e7a1ab627edb8c314157d5"},
    {file = "bsdiff4-1.2.4-cp36-cp36m-musllinux_1_1_x86_64.whl", hash = "sha256:bfc60dff6ab2899b6454875fc6f9b7f0208b88ab9f52a94d8d49637863306510"},
    {file = "bsdiff4-1.2.4-cp36-cp36m-win32.whl", hash = "sha256:9693ee80ae170979632c438c179cca1b8f473152ec3cbbaa8a15518e31bda639"},
    {file = "bsdiff4-1.2.4-cp36-cp36m-win_amd64.whl", hash = "sha256:1b6fa5a7471407732b1f9d161c950669ae972a337423006ea95810aae02f77ba"},
    {file = "bsdiff4-1.2.4-cp37-cp37m-macosx_10_9_x86_64.whl", hash = "sha256:dbe5e5e7d8864bb2aa9a5d032b39162e4786149be6d35ccc40a2495955200a04"},
    {file = "bsdiff4-1.2.4-cp37-cp37m-manylinux_2_17_aarch64.manylinux2014_aarch64.whl", hash = "sha256:69e8cccf1744c2b1aa84ef1125a56fe72db232ba4647f85c267418fc63a21e57"},
    {file = "bsdiff4-1.2.4-cp37-cp37m-manylinux_2_17_ppc64le.manylinux2014_ppc64le.whl", hash = "sha256:d5ea6b1cfe933f527cf212b0232fa886932fa16f88b8c0d806a9765a33e2e24d"},
    {file = "bsdiff4-1.2.4-cp37-cp37m-manylinux_2_17_s390x.manylinux2014_s390x.whl", hash = "sha256:40cf69af97e1be18f3e7709d58fcff959af6fa175cc470142853d4c55a5ed0f5"},
    {file = "bsdiff4-1.2.4-cp37-cp37m-manylinux_2_17_x86_64.manylinux2014_x86_64.whl", hash = "sha256:3eb9ef7bba7deb338b3902ec0021faf79c97feaddd39e725162b393698e375d0"},
    {file = "bsdiff4-1.2.4-cp37-cp37m-manylinux_2_5_i686.manylinux1_i686.manylinux_2_17_i686.manylinux2014_i686.whl", hash = "sha256:599a7ba70f086768735dc00b2db54ada7f53e421ffdab05fb4545c297ae3c0cd"},
    {file = "bsdiff4-1.2.4-cp37-cp37m-musllinux_1_1_aarch64.whl", hash = "sha256:ab05f3f03f5e3b4eb2d6bd90e99012e2997dfdb4a27d76a3f11efae038d8bbc3"},
    {file = "bsdiff4-1.2.4-cp37-cp37m-musllinux_1_1_i686.whl", hash = "sha256:a443a88a3abecd4654f1349473979302fcbfd3c0dabe40beccc030547f26ba3e"},
    {file = "bsdiff4-1.2.4-cp37-cp37m-musllinux_1_1_ppc64le.whl", hash = "sha256:db15692a4b77934864a7088b775ecc9aac2667bba6819cff672ea739167666e8"},
    {file = "bsdiff4-1.2.4-cp37-cp37m-musllinux_1_1_s390x.whl", hash = "sha256:fbfdaddbe7702a3a40463782c89ad5a1efc2deafb989750bc0818d635df65dc4"},
    {file = "bsdiff4-1.2.4-cp37-cp37m-musllinux_1_1_x86_64.whl", hash = "sha256:a5849c4db93894cdcdf90eb2347664634b7cb2db017aa2cbb8bc7f1f5fc8baae"},
    {file = "bsdiff4-1.2.4-cp37-cp37m-win32.whl", hash = "sha256:7e823499a93b318301585852a41c193dd02f02ce22874044fe64c75c0a2f4210"},
    {file = "bsdiff4-1.2.4-cp37-cp37m-win_amd64.whl", hash = "sha256:ed6daa183f267698d4935f7e89a3d723ba165750714e0c9a926f21498b138b2e"},
    {file = "bsdiff4-1.2.4-cp38-cp38-macosx_10_9_universal2.whl", hash = "sha256:95ef3e01778e054cb468c4b8740de3459f2ac6ff139df799f25e31cac48a3efd"},
    {file = "bsdiff4-1.2.4-cp38-cp38-macosx_10_9_x86_64.whl", hash = "sha256:921878e25bd34ef95b686c50e7f7f95e7f98900eeb9bf50a36faa3d5a2c76953"},
    {file = "bsdiff4-1.2.4-cp38-cp38-macosx_11_0_arm64.whl", hash = "sha256:f68a0ab9d7deb8643703eb17b0c7dcb73feaa1a7e44daaa0ef075ea2fbc46e1e"},
    {file = "bsdiff4-1.2.4-cp38-cp38-manylinux_2_17_aarch64.manylinux2014_aarch64.whl", hash = "sha256:6ff3bdaa3a99b1fc70cb7dd671a7ef9a58781aa9bcf2a29507703883d6063d3c"},
    {file = "bsdiff4-1.2.4-cp38-cp38-manylinux_2_17_ppc64le.manylinux2014_ppc64le.whl", hash = "sha256:a6c8380ee122af4a07605a5925a1807d270efa2a900fc282b6b360ebb0b0942f"},
    {file = "bsdiff4-1.2.4-cp38-cp38-manylinux_2_17_s390x.manylinux2014_s390x.whl", hash = "sha256:8a3c1d8b146d41d98777189048ffe34a3ceb60be73320613b979cff7f2c671b8"},
    {file = "bsdiff4-1.2.4-cp38-cp38-manylinux_2_17_x86_64.manylinux2014_x86_64.whl", hash = "sha256:746092703ce5a6f8cbe72f8f6042b104a0af7d91d36e301a78cc3464fbc6ada5"},
    {file = "bsdiff4-1.2.4-cp38-cp38-manylinux_2_5_i686.manylinux1_i686.manylinux_2_17_i686.manylinux2014_i686.whl", hash = "sha256:a78b88e84c179d998f65e696424fba66ef3b58a7b7582facf639a202534fe5e4"},
    {file = "bsdiff4-1.2.4-cp38-cp38-musllinux_1_1_aarch64.whl", hash = "sha256:1eada02fafe5062e7146dc9ecf855e4532e0f0510ae61d56b2462b56231e490d"},
    {file = "bsdiff4-1.2.4-cp38-cp38-musllinux_1_1_i686.whl", hash = "sha256:958c13458ae6aa0aa369e8afb798de5d3e0c9cb5d2bffc6d6d19c9e354c87922"},
    {file = "bsdiff4-1.2.4-cp38-cp38-musllinux_1_1_ppc64le.whl", hash = "sha256:3fec9d4cf72fcc72643e648a8bfb3167dc6568091aeb7de7247d497490628618"},
    {file = "bsdiff4-1.2.4-cp38-cp38-musllinux_1_1_s390x.whl", hash = "sha256:809ad6cdbdff0b72387cb45d2227e0109d35e3322fe0c57bb09b0b5d01c4b05e"},
    {file = "bsdiff4-1.2.4-cp38-cp38-musllinux_1_1_x86_64.whl", hash = "sha256:41ae3d033ab66652bd291bd189a274e609966a996e941d75259734e2d36e6f28"},
    {file = "bsdiff4-1.2.4-cp38-cp38-win32.whl", hash = "sha256:d23dec30978393643aa6fa75aaf567ad36864f32297eb618e64d06da57a8af0c"},
    {file = "bsdiff4-1.2.4-cp38-cp38-win_amd64.whl", hash = "sha256:6d10f6e3220ceffbb8c8cfad4dc5da2ed0376cbc2e606159288253cd6081fdb4"},
    {file = "bsdiff4-1.2.4-cp39-cp39-macosx_10_9_universal2.whl", hash = "sha256:cea9d428aa938e2a03b0b866cd285596df8ed32102f8bba24a902a9233ff89f9"},
    {file = "bsdiff4-1.2.4-cp39-cp39-macosx_10_9_x86_64.whl", hash = "sha256:dc1e5748013509d1200119c0198c138f08abafba90d28af05e8e6d1f9c094dd9"},
    {file = "bsdiff4-1.2.4-cp39-cp39-macosx_11_0_arm64.whl", hash = "sha256:97ac7fa4784f85a5e1167b4991a0fbfc0861611596199b158ebe19f823616866"},
    {file = "bsdiff4-1.2.4-cp39-cp39-manylinux_2_17_aarch64.manylinux2014_aarch64.whl", hash = "sha256:56240c887cdb7e4e4b90a1f8446eeb17daeed71090990092d1c79e0a67838cb9"},
    {file = "bsdiff4-1.2.4-cp39-cp39-manylinux_2_17_ppc64le.manylinux2014_ppc64le.whl", hash = "sha256:699e5da51906f2640cbd544f3d5dacbc4ec12aac8c92b57f205d16ce7373093c"},
    {file = "bsdiff4-1.2.4-cp39-cp39-manylinux_2_17_s390x.manylinux2014_s390x.whl", hash = "sha256:46977631e747c717175154060a004c72c2844fb04f4a3e1ed3dae88e72e45552"},
    {file = "bsdiff4-1.2.4-cp39-cp39-manylinux_2_17_x86_64.manylinux2014_x86_64.whl", hash = "sha256:567d38930b37626fb71c47095975969a117662a2725234175738b82fd40eca91"},
    {file = "bsdiff4-1.2.4-cp39-cp39-manylinux_2_5_i686.manylinux1_i686.manylinux_2_17_i686.manylinux2014_i686.whl", hash = "sha256:9a39f0ef2e8406490fb2a30629ea9fa45f3f408b58aa1e1f38b9828a70f19c05"},
    {file = "bsdiff4-1.2.4-cp39-cp39-musllinux_1_1_aarch64.whl", hash = "sha256:a4827e43e6253b83e6639154a545130fd2134797603401d34b14f6d369e3a48b"},
    {file = "bsdiff4-1.2.4-cp39-cp39-musllinux_1_1_i686.whl", hash = "sha256:03512007c74680ce4c401603ed5eb5c4a072f53fd6dfd328b6506879ba2adf18"},
    {file = "bsdiff4-1.2.4-cp39-cp39-musllinux_1_1_ppc64le.whl", hash = "sha256:31d8f011573abfd0c4f9b083ff9374cb84bf2d74e04603d16555a022d67ca8a1"},
    {file = "bsdiff4-1.2.4-cp39-cp39-musllinux_1_1_s390x.whl", hash = "sha256:d5fef32a733c36a08b75323d7d7afae4c5d4eaeeb4a6ad5e31dc0717cfbb8fdf"},
    {file = "bsdiff4-1.2.4-cp39-cp39-musllinux_1_1_x86_64.whl", hash = "sha256:56cb1b0b59c9f110e3dd4a86cfae7e299ce157b153838be9c55e91ca684831c0"},
    {file = "bsdiff4-1.2.4-cp39-cp39-win32.whl", hash = "sha256:e161d0511ae6b254a651d70890af8fab660c6e2a3d4f8eac953796fb4b7ecacc"},
    {file = "bsdiff4-1.2.4-cp39-cp39-win_amd64.whl", hash = "sha256:2d6583cbfffc9624f4e29ce20463d8dfdb189b848a518692c71c5f0a1721bf00"},
    {file = "bsdiff4-1.2.4-pp310-pypy310_pp73-macosx_10_9_x86_64.whl", hash = "sha256:ef5b8ded889b574586e73fe8cb1b27d1c2d6791dbaabc44d28711c5a7db822bd"},
    {file = "bsdiff4-1.2.4-pp310-pypy310_pp73-manylinux_2_17_aarch64.manylinux2014_aarch64.whl", hash = "sha256:b2259da32686261948d99ced907a1a76b038d5e55007cc0874911eb35fdebb19"},
    {file = "bsdiff4-1.2.4-pp310-pypy310_pp73-manylinux_2_17_x86_64.manylinux2014_x86_64.whl", hash = "sha256:547734ac8132320dff7e68b05c4873219258c4f6732739e3f52f63691c9091cf"},
    {file = "bsdiff4-1.2.4-pp310-pypy310_pp73-manylinux_2_5_i686.manylinux1_i686.manylinux_2_17_i686.manylinux2014_i686.whl", hash = "sha256:cc2d29fb8dde779127cea831558227d1652715cb46dd9c2cea8bebd7f6fd5085"},
    {file = "bsdiff4-1.2.4-pp310-pypy310_pp73-win_amd64.whl", hash = "sha256:8df89e307c7676eff847a85b89397371fe045f665b7cb6d05e35a28cd93dc156"},
    {file = "bsdiff4-1.2.4-pp37-pypy37_pp73-macosx_10_9_x86_64.whl", hash = "sha256:8aa63c34e3499529472223ad88895ec88aec7dcfbfce96c542baae52b167e3fb"},
    {file = "bsdiff4-1.2.4-pp37-pypy37_pp73-manylinux_2_17_aarch64.manylinux2014_aarch64.whl", hash = "sha256:e145bda6e1e94338cc8b07da4ef96e766f351bf17482c5ed820b243b896b3263"},
    {file = "bsdiff4-1.2.4-pp37-pypy37_pp73-manylinux_2_17_x86_64.manylinux2014_x86_64.whl", hash = "sha256:5de55b381243fd3ea4f0682493e82f2fa6bfa347b51d964f7bfbaf877ee702af"},
    {file = "bsdiff4-1.2.4-pp37-pypy37_pp73-manylinux_2_5_i686.manylinux1_i686.manylinux_2_17_i686.manylinux2014_i686.whl", hash = "sha256:28f91bdce79e22f492d96d17599b412fd0246647919a55aa2ec4326ee07f4728"},
    {file = "bsdiff4-1.2.4-pp37-pypy37_pp73-win_amd64.whl", hash = "sha256:ff9ef91c8313d03c24b9d5857acc577616a6d830c81af3165fc593fe8bc1af85"},
    {file = "bsdiff4-1.2.4-pp38-pypy38_pp73-macosx_10_9_x86_64.whl", hash = "sha256:c7ff8946e599afcc13f07892207c48061ab6d966478abc4da674497daec7522d"},
    {file = "bsdiff4-1.2.4-pp38-pypy38_pp73-manylinux_2_17_aarch64.manylinux2014_aarch64.whl", hash = "sha256:899a823330ffdbc93f58aea4c956bddbb489d762fe9c0b6032760fee57a104b3"},
    {file = "bsdiff4-1.2.4-pp38-pypy38_pp73-manylinux_2_17_x86_64.manylinux2014_x86_64.whl", hash = "sha256:fbeff47a3579bd91b92431230b46b219dfb2d1817e78135c726c815c85afa906"},
    {file = "bsdiff4-1.2.4-pp38-pypy38_pp73-manylinux_2_5_i686.manylinux1_i686.manylinux_2_17_i686.manylinux2014_i686.whl", hash = "sha256:c69a2a05d53359a4ef73ec671ffcee19305a3daee5a3f452129fa1a5cdccd2cc"},
    {file = "bsdiff4-1.2.4-pp38-pypy38_pp73-win_amd64.whl", hash = "sha256:8af5fbed7fd5e71b0aa574a9bbcc103fd8ba84b88e31834d768043f00d75d37f"},
    {file = "bsdiff4-1.2.4-pp39-pypy39_pp73-macosx_10_9_x86_64.whl", hash = "sha256:a2959d37ef5083358c716eb18660a94096387340c194540921f171b9a8611f65"},
    {file = "bsdiff4-1.2.4-pp39-pypy39_pp73-manylinux_2_17_aarch64.manylinux2014_aarch64.whl", hash = "sha256:4c43f9dae2b93425210a9034059543c1e9f44c997c5b65af974871e3b568b320"},
    {file = "bsdiff4-1.2.4-pp39-pypy39_pp73-manylinux_2_17_x86_64.manylinux2014_x86_64.whl", hash = "sha256:bcca384623c0391eaed5967ac12f2e2af5f292120670a152b451c77db6ef7f5e"},
    {file = "bsdiff4-1.2.4-pp39-pypy39_pp73-manylinux_2_5_i686.manylinux1_i686.manylinux_2_17_i686.manylinux2014_i686.whl", hash = "sha256:351d179e7ab0e1b4630fb03ef04480b9c318d9098f3a76812f9c6cbee74dc2aa"},
    {file = "bsdiff4-1.2.4-pp39-pypy39_pp73-win_amd64.whl", hash = "sha256:4f079fb1db9a3cd6089d0e0193bbc63cb9dcd8e67f5240226dadedb9fd51d058"},
    {file = "bsdiff4-1.2.4.tar.gz", hash = "sha256:1d7129a8121860731e8cce2901d3183e14aec70244f64e8f74563275dc388067"},
]

[[package]]
name = "enlighten"
version = "1.12.4"
description = "Enlighten Progress Bar"
optional = false
python-versions = "*"
files = [
    {file = "enlighten-1.12.4-py2.py3-none-any.whl", hash = "sha256:5c53c57441bc5986c1d02f2f539aead9d59a206783641953a49b8d995db6b584"},
    {file = "enlighten-1.12.4.tar.gz", hash = "sha256:75f3d92b49e0ef5e454fc1a0f39dc0ab8f6d9946cbe534db3ded3010217d5b5f"},
]

[package.dependencies]
blessed = ">=1.17.7"
prefixed = ">=0.3.2"

[[package]]
name = "jinxed"
version = "1.2.1"
description = "Jinxed Terminal Library"
optional = false
python-versions = "*"
files = [
    {file = "jinxed-1.2.1-py2.py3-none-any.whl", hash = "sha256:37422659c4925969c66148c5e64979f553386a4226b9484d910d3094ced37d30"},
    {file = "jinxed-1.2.1.tar.gz", hash = "sha256:30c3f861b73279fea1ed928cfd4dfb1f273e16cd62c8a32acfac362da0f78f3f"},
]

[package.dependencies]
ansicon = {version = "*", markers = "platform_system == \"Windows\""}

[[package]]
name = "prefixed"
version = "0.7.0"
description = "Prefixed alternative numeric library"
optional = false
python-versions = "*"
files = [
    {file = "prefixed-0.7.0-py2.py3-none-any.whl", hash = "sha256:537b0e4ff4516c4578f277a41d7104f769d6935ae9cdb0f88fed82ec7b3c0ca5"},
    {file = "prefixed-0.7.0.tar.gz", hash = "sha256:0b54d15e602eb8af4ac31b1db21a37ea95ce5890e0741bb0dd9ded493cefbbe9"},
]

[[package]]
name = "protobuf"
version = "3.20.3"
description = "Protocol Buffers"
optional = false
python-versions = ">=3.7"
files = [
    {file = "protobuf-3.20.3-cp310-cp310-manylinux2014_aarch64.whl", hash = "sha256:f4bd856d702e5b0d96a00ec6b307b0f51c1982c2bf9c0052cf9019e9a544ba99"},
    {file = "protobuf-3.20.3-cp310-cp310-manylinux_2_12_x86_64.manylinux2010_x86_64.whl", hash = "sha256:9aae4406ea63d825636cc11ffb34ad3379335803216ee3a856787bcf5ccc751e"},
    {file = "protobuf-3.20.3-cp310-cp310-win32.whl", hash = "sha256:28545383d61f55b57cf4df63eebd9827754fd2dc25f80c5253f9184235db242c"},
    {file = "protobuf-3.20.3-cp310-cp310-win_amd64.whl", hash = "sha256:67a3598f0a2dcbc58d02dd1928544e7d88f764b47d4a286202913f0b2801c2e7"},
    {file = "protobuf-3.20.3-cp36-cp36m-manylinux_2_5_x86_64.manylinux1_x86_64.whl", hash = "sha256:899dc660cd599d7352d6f10d83c95df430a38b410c1b66b407a6b29265d66469"},
    {file = "protobuf-3.20.3-cp37-cp37m-macosx_10_9_x86_64.whl", hash = "sha256:e64857f395505ebf3d2569935506ae0dfc4a15cb80dc25261176c784662cdcc4"},
    {file = "protobuf-3.20.3-cp37-cp37m-manylinux2014_aarch64.whl", hash = "sha256:d9e4432ff660d67d775c66ac42a67cf2453c27cb4d738fc22cb53b5d84c135d4"},
    {file = "protobuf-3.20.3-cp37-cp37m-manylinux_2_5_x86_64.manylinux1_x86_64.whl", hash = "sha256:74480f79a023f90dc6e18febbf7b8bac7508420f2006fabd512013c0c238f454"},
    {file = "protobuf-3.20.3-cp37-cp37m-win32.whl", hash = "sha256:b6cc7ba72a8850621bfec987cb72623e703b7fe2b9127a161ce61e61558ad905"},
    {file = "protobuf-3.20.3-cp37-cp37m-win_amd64.whl", hash = "sha256:8c0c984a1b8fef4086329ff8dd19ac77576b384079247c770f29cc8ce3afa06c"},
    {file = "protobuf-3.20.3-cp38-cp38-macosx_10_9_x86_64.whl", hash = "sha256:de78575669dddf6099a8a0f46a27e82a1783c557ccc38ee620ed8cc96d3be7d7"},
    {file = "protobuf-3.20.3-cp38-cp38-manylinux2014_aarch64.whl", hash = "sha256:f4c42102bc82a51108e449cbb32b19b180022941c727bac0cfd50170341f16ee"},
    {file = "protobuf-3.20.3-cp38-cp38-manylinux_2_5_x86_64.manylinux1_x86_64.whl", hash = "sha256:44246bab5dd4b7fbd3c0c80b6f16686808fab0e4aca819ade6e8d294a29c7050"},
    {file = "protobuf-3.20.3-cp38-cp38-win32.whl", hash = "sha256:c02ce36ec760252242a33967d51c289fd0e1c0e6e5cc9397e2279177716add86"},
    {file = "protobuf-3.20.3-cp38-cp38-win_amd64.whl", hash = "sha256:447d43819997825d4e71bf5769d869b968ce96848b6479397e29fc24c4a5dfe9"},
    {file = "protobuf-3.20.3-cp39-cp39-macosx_10_9_x86_64.whl", hash = "sha256:398a9e0c3eaceb34ec1aee71894ca3299605fa8e761544934378bbc6c97de23b"},
    {file = "protobuf-3.20.3-cp39-cp39-manylinux2014_aarch64.whl", hash = "sha256:bf01b5720be110540be4286e791db73f84a2b721072a3711efff6c324cdf074b"},
    {file = "protobuf-3.20.3-cp39-cp39-manylinux_2_5_x86_64.manylinux1_x86_64.whl", hash = "sha256:daa564862dd0d39c00f8086f88700fdbe8bc717e993a21e90711acfed02f2402"},
    {file = "protobuf-3.20.3-cp39-cp39-win32.whl", hash = "sha256:819559cafa1a373b7096a482b504ae8a857c89593cf3a25af743ac9ecbd23480"},
    {file = "protobuf-3.20.3-cp39-cp39-win_amd64.whl", hash = "sha256:03038ac1cfbc41aa21f6afcbcd357281d7521b4157926f30ebecc8d4ea59dcb7"},
    {file = "protobuf-3.20.3-py2.py3-none-any.whl", hash = "sha256:a7ca6d488aa8ff7f329d4c545b2dbad8ac31464f1d8b1c87ad1346717731e4db"},
    {file = "protobuf-3.20.3.tar.gz", hash = "sha256:2e3427429c9cffebf259491be0af70189607f365c2f41c7c3764af6f337105f2"},
]

[[package]]
name = "six"
version = "1.16.0"
description = "Python 2 and 3 compatibility utilities"
optional = false
python-versions = ">=2.7, !=3.0.*, !=3.1.*, !=3.2.*"
files = [
    {file = "six-1.16.0-py2.py3-none-any.whl", hash = "sha256:8abb2f1d86890a2dfb989f9a77cfcfd3e47c2a354b01111771326f8aa26e0254"},
    {file = "six-1.16.0.tar.gz", hash = "sha256:1e61c37477a1626458e36f7b1d82aa5c9b094fa4802892072e49de9c60c4c926"},
]

[[package]]
name = "wcwidth"
version = "0.2.13"
description = "Measures the displayed width of unicode strings in a terminal"
optional = false
python-versions = "*"
files = [
    {file = "wcwidth-0.2.13-py2.py3-none-any.whl", hash = "sha256:3da69048e4540d84af32131829ff948f1e022c1c6bdb8d6102117aac784f6859"},
    {file = "wcwidth-0.2.13.tar.gz", hash = "sha256:72ea0c06399eb286d978fdedb6923a9eb47e1c486ce63e9b4e64fc18303972b5"},
]

[metadata]
lock-version = "2.0"
python-versions = "^3.10"
content-hash = "e679196d78f527fed08e04cc6e2f2a0116ce15b4fe44366d2baa478602f55707"
